dependencies:
  espressif/esp-dsp:
    component_hash: 3e7bbd487f1357a1d4944d0c85966d049501ea281b8a4c7f93f7cfedd5b7f23d
    source:
      service_url: https://api.components.espressif.com/
      type: service
    version: 1.4.12
  espressif/esp-sr:
    component_hash: 16af25295f531495fe7e36cf2e8c8bb49629be42c38a56f55f4ded825ada0ffc
    source:
      service_url: https://api.components.espressif.com/
      type: service
    version: 1.7.1
  espressif/esp_codec_dev:
    component_hash: bfa92c177f836be5847e4a4248349267614500e1e0728c4939e51a73746b8918
    source:
      service_url: https://api.components.espressif.com/
      type: service
    version: 1.0.3
  espressif/led_strip:
    component_hash: fc66f8544851132555bc668475f7b68acd6a211c8075db5ce1951cbfa27dfb88
    source:
      service_url: https://api.components.espressif.com/
      type: service
    version: 2.5.4
  idf:
    component_hash: null
    source:
      type: idf
    version: 4.4.7
manifest_hash: 095fee088c1bd1a92b74a96eb12dfc472f46e77fe40f4b9119465ddc7fa966c1
target: esp32
version: 1.0.0
